
Microsoft Visual Studio Solution File, Format Version 12.00
# Visual Studio Version 17
VisualStudioVersion = 17.9.34723.18
MinimumVisualStudioVersion = 10.0.40219.1
Project("{8BC9CEB8-8B4A-11D0-8D11-00A0C91BC942}") = "CPP OOP 10. Inheritance access", "CPP OOP 10. Inheritance access\CPP OOP 10. Inheritance access.vcxproj", "{B123762A-68CB-4314-902E-877B5B49E0F6}"
EndProject
Project("{2150E333-8FDC-42A3-9474-1A3956D46DE8}") = "CPP OOP 10", "CPP OOP 10", "{88131475-82BF-4AD1-B449-E298F3DF263D}"
EndProject
Project("{8BC9CEB8-8B4A-11D0-8D11-00A0C91BC942}") = "CPP OOP 10. Multiple Inheritance", "CPP OOP 10. Multiple Inheritance\CPP OOP 10. Multiple Inheritance.vcxproj", "{62C52DBA-CE29-4718-A0CF-9969A8A6F886}"
EndProject
Project("{8BC9CEB8-8B4A-11D0-8D11-00A0C91BC942}") = "CPP OOP 10. Diamond Dead problem", "CPP OOP 10. Diamond Dead problem\CPP OOP 10. Diamond Dead problem.vcxproj", "{D09E1992-4F15-4711-844C-A4E17FE32C1E}"
EndProject
Project("{8BC9CEB8-8B4A-11D0-8D11-00A0C91BC942}") = "CPP OOP 10. Polymorphism intro", "CPP OOP 10. Polymorphism intro\CPP OOP 10. Polymorphism intro.vcxproj", "{35E9E155-6C2B-4F41-92CC-B4808BF5056D}"
EndProject
Project("{2150E333-8FDC-42A3-9474-1A3956D46DE8}") = "CPP OOP 11", "CPP OOP 11", "{8EB55A0B-FA53-4EBD-9F70-F70212545BBB}"
EndProject
Project("{8BC9CEB8-8B4A-11D0-8D11-00A0C91BC942}") = "CPP OOP 11. Pure virtual methods. Abstract classes", "CPP OOP 11. Pure virtual methods. Abstract classes\CPP OOP 11. Pure virtual methods. Abstract classes.vcxproj", "{E712E198-8B1B-437D-9027-3D0855990537}"
EndProject
Project("{8BC9CEB8-8B4A-11D0-8D11-00A0C91BC942}") = "CPP OOP 11. Pointer to function sorting example", "CPP OOP 11. Pointer to function sorting example\CPP OOP 11. Pointer to function sorting example.vcxproj", "{AE679005-EA28-438F-A0C8-BA59C748E61F}"
EndProject
Project("{8BC9CEB8-8B4A-11D0-8D11-00A0C91BC942}") = "CPP OOP 11. Abstract classes like interface", "CPP OOP 11. Abstract classes like interface\CPP OOP 11. Abstract classes like interface.vcxproj", "{310CDE50-A536-45FC-8958-531C40E032E5}"
EndProject
Project("{8BC9CEB8-8B4A-11D0-8D11-00A0C91BC942}") = "CPP OOP 11. Diamond problem solve", "CPP OOP 11. Diamond problem solve\CPP OOP 11. Diamond problem solve.vcxproj", "{857E4568-DE2B-4635-914E-C736CC490930}"
EndProject
Project("{8BC9CEB8-8B4A-11D0-8D11-00A0C91BC942}") = "CPP OOP 11. Override final", "CPP OOP 11. Override final\CPP OOP 11. Override final.vcxproj", "{273392A6-3E70-4BEC-97E5-DBFB3B94299E}"
EndProject
Project("{2150E333-8FDC-42A3-9474-1A3956D46DE8}") = "CPP OOP 12", "CPP OOP 12", "{BEA3684A-D528-4086-BE42-64DEA2A04119}"
EndProject
Project("{8BC9CEB8-8B4A-11D0-8D11-00A0C91BC942}") = "CPP OOP 12. Aggregation", "CPP OOP 12. Aggregation\CPP OOP 12. Aggregation.vcxproj", "{F6EB4382-1C17-4C6F-96C4-67AEBF752F60}"
EndProject
Project("{8BC9CEB8-8B4A-11D0-8D11-00A0C91BC942}") = "CPP OOP 12. Composition", "CPP OOP 12. Composition\CPP OOP 12. Composition.vcxproj", "{98441904-E668-4936-868F-679D7A2AE342}"
EndProject
Project("{8BC9CEB8-8B4A-11D0-8D11-00A0C91BC942}") = "CPP OOP 12. Nested Classes", "CPP OOP 12. Nested Classes\CPP OOP 12. Nested Classes.vcxproj", "{6D414243-00B2-4520-9EDC-8A54AA5779A8}"
EndProject
Project("{2150E333-8FDC-42A3-9474-1A3956D46DE8}") = "CPP OOP 13", "CPP OOP 13", "{1E85E55E-FBF6-495B-A5AE-C6174AB43EE7}"
EndProject
Project("{8BC9CEB8-8B4A-11D0-8D11-00A0C91BC942}") = "CPP OOP 13. Initialize list", "CPP OOP 13. Initialize list\CPP OOP 13. Initialize list.vcxproj", "{DF4D3C6B-CDBB-4EFA-8D72-939CC27DB02D}"
EndProject
Project("{8BC9CEB8-8B4A-11D0-8D11-00A0C91BC942}") = "CPP OOP 13. Try catch", "CPP OOP 13. Try catch\CPP OOP 13. Try catch.vcxproj", "{CA94E42E-3D1C-4E64-B374-29DBC35E66DD}"
EndProject
Project("{2150E333-8FDC-42A3-9474-1A3956D46DE8}") = "CPP OOP 14", "CPP OOP 14", "{04CF3F13-C7AC-4A1B-9BD4-A42C8DAE5CD2}"
EndProject
Project("{8BC9CEB8-8B4A-11D0-8D11-00A0C91BC942}") = "CPP OOP 14. Namespces", "CPP OOP 14. Namespces\CPP OOP 14. Namespces.vcxproj", "{C094F15C-22BE-460C-B6A0-01339BF90431}"
EndProject
Project("{8BC9CEB8-8B4A-11D0-8D11-00A0C91BC942}") = "CPP OOP 14. Static Cast", "CPP OOP 14. Static Cast\CPP OOP 14. Static Cast.vcxproj", "{9A9FF4A7-EA26-4FA4-8324-99359A49506E}"
EndProject
Project("{2150E333-8FDC-42A3-9474-1A3956D46DE8}") = "CPP OOP 15", "CPP OOP 15", "{FE070400-AF5E-49D1-B537-258479C68FFD}"
EndProject
Project("{8BC9CEB8-8B4A-11D0-8D11-00A0C91BC942}") = "CPP OOP 15. Const cast", "CPP OOP 15. Const cast\CPP OOP 15. Const cast.vcxproj", "{F813CFCD-E390-4967-B2F7-30182225A132}"
EndProject
Project("{8BC9CEB8-8B4A-11D0-8D11-00A0C91BC942}") = "CPP OOP 15. Reinterpret cast", "CPP OOP 15. Reinterpret cast\CPP OOP 15. Reinterpret cast.vcxproj", "{AC1D8EB8-7077-407D-A7C9-A92F9B90A9F6}"
EndProject
Project("{8BC9CEB8-8B4A-11D0-8D11-00A0C91BC942}") = "CPP OOP 15. Dynamic cast", "CPP OOP 15. Dynamic cast\CPP OOP 15. Dynamic cast.vcxproj", "{633F57C8-6E8F-489E-A6EC-504A600AE4F7}"
EndProject
Project("{8BC9CEB8-8B4A-11D0-8D11-00A0C91BC942}") = "CPP OOP 15. Smart pointers", "CPP OOP 15. Smart pointers\CPP OOP 15. Smart pointers.vcxproj", "{A153243C-A6E0-4443-AAC0-2B20B88DF889}"
EndProject
Global
	GlobalSection(SolutionConfigurationPlatforms) = preSolution
		Debug|x64 = Debug|x64
		Debug|x86 = Debug|x86
		Release|x64 = Release|x64
		Release|x86 = Release|x86
	EndGlobalSection
	GlobalSection(ProjectConfigurationPlatforms) = postSolution
		{B123762A-68CB-4314-902E-877B5B49E0F6}.Debug|x64.ActiveCfg = Debug|x64
		{B123762A-68CB-4314-902E-877B5B49E0F6}.Debug|x64.Build.0 = Debug|x64
		{B123762A-68CB-4314-902E-877B5B49E0F6}.Debug|x86.ActiveCfg = Debug|Win32
		{B123762A-68CB-4314-902E-877B5B49E0F6}.Debug|x86.Build.0 = Debug|Win32
		{B123762A-68CB-4314-902E-877B5B49E0F6}.Release|x64.ActiveCfg = Release|x64
		{B123762A-68CB-4314-902E-877B5B49E0F6}.Release|x64.Build.0 = Release|x64
		{B123762A-68CB-4314-902E-877B5B49E0F6}.Release|x86.ActiveCfg = Release|Win32
		{B123762A-68CB-4314-902E-877B5B49E0F6}.Release|x86.Build.0 = Release|Win32
		{62C52DBA-CE29-4718-A0CF-9969A8A6F886}.Debug|x64.ActiveCfg = Debug|x64
		{62C52DBA-CE29-4718-A0CF-9969A8A6F886}.Debug|x64.Build.0 = Debug|x64
		{62C52DBA-CE29-4718-A0CF-9969A8A6F886}.Debug|x86.ActiveCfg = Debug|Win32
		{62C52DBA-CE29-4718-A0CF-9969A8A6F886}.Debug|x86.Build.0 = Debug|Win32
		{62C52DBA-CE29-4718-A0CF-9969A8A6F886}.Release|x64.ActiveCfg = Release|x64
		{62C52DBA-CE29-4718-A0CF-9969A8A6F886}.Release|x64.Build.0 = Release|x64
		{62C52DBA-CE29-4718-A0CF-9969A8A6F886}.Release|x86.ActiveCfg = Release|Win32
		{62C52DBA-CE29-4718-A0CF-9969A8A6F886}.Release|x86.Build.0 = Release|Win32
		{D09E1992-4F15-4711-844C-A4E17FE32C1E}.Debug|x64.ActiveCfg = Debug|x64
		{D09E1992-4F15-4711-844C-A4E17FE32C1E}.Debug|x64.Build.0 = Debug|x64
		{D09E1992-4F15-4711-844C-A4E17FE32C1E}.Debug|x86.ActiveCfg = Debug|Win32
		{D09E1992-4F15-4711-844C-A4E17FE32C1E}.Debug|x86.Build.0 = Debug|Win32
		{D09E1992-4F15-4711-844C-A4E17FE32C1E}.Release|x64.ActiveCfg = Release|x64
		{D09E1992-4F15-4711-844C-A4E17FE32C1E}.Release|x64.Build.0 = Release|x64
		{D09E1992-4F15-4711-844C-A4E17FE32C1E}.Release|x86.ActiveCfg = Release|Win32
		{D09E1992-4F15-4711-844C-A4E17FE32C1E}.Release|x86.Build.0 = Release|Win32
		{35E9E155-6C2B-4F41-92CC-B4808BF5056D}.Debug|x64.ActiveCfg = Debug|x64
		{35E9E155-6C2B-4F41-92CC-B4808BF5056D}.Debug|x64.Build.0 = Debug|x64
		{35E9E155-6C2B-4F41-92CC-B4808BF5056D}.Debug|x86.ActiveCfg = Debug|Win32
		{35E9E155-6C2B-4F41-92CC-B4808BF5056D}.Debug|x86.Build.0 = Debug|Win32
		{35E9E155-6C2B-4F41-92CC-B4808BF5056D}.Release|x64.ActiveCfg = Release|x64
		{35E9E155-6C2B-4F41-92CC-B4808BF5056D}.Release|x64.Build.0 = Release|x64
		{35E9E155-6C2B-4F41-92CC-B4808BF5056D}.Release|x86.ActiveCfg = Release|Win32
		{35E9E155-6C2B-4F41-92CC-B4808BF5056D}.Release|x86.Build.0 = Release|Win32
		{E712E198-8B1B-437D-9027-3D0855990537}.Debug|x64.ActiveCfg = Debug|x64
		{E712E198-8B1B-437D-9027-3D0855990537}.Debug|x64.Build.0 = Debug|x64
		{E712E198-8B1B-437D-9027-3D0855990537}.Debug|x86.ActiveCfg = Debug|Win32
		{E712E198-8B1B-437D-9027-3D0855990537}.Debug|x86.Build.0 = Debug|Win32
		{E712E198-8B1B-437D-9027-3D0855990537}.Release|x64.ActiveCfg = Release|x64
		{E712E198-8B1B-437D-9027-3D0855990537}.Release|x64.Build.0 = Release|x64
		{E712E198-8B1B-437D-9027-3D0855990537}.Release|x86.ActiveCfg = Release|Win32
		{E712E198-8B1B-437D-9027-3D0855990537}.Release|x86.Build.0 = Release|Win32
		{AE679005-EA28-438F-A0C8-BA59C748E61F}.Debug|x64.ActiveCfg = Debug|x64
		{AE679005-EA28-438F-A0C8-BA59C748E61F}.Debug|x64.Build.0 = Debug|x64
		{AE679005-EA28-438F-A0C8-BA59C748E61F}.Debug|x86.ActiveCfg = Debug|Win32
		{AE679005-EA28-438F-A0C8-BA59C748E61F}.Debug|x86.Build.0 = Debug|Win32
		{AE679005-EA28-438F-A0C8-BA59C748E61F}.Release|x64.ActiveCfg = Release|x64
		{AE679005-EA28-438F-A0C8-BA59C748E61F}.Release|x64.Build.0 = Release|x64
		{AE679005-EA28-438F-A0C8-BA59C748E61F}.Release|x86.ActiveCfg = Release|Win32
		{AE679005-EA28-438F-A0C8-BA59C748E61F}.Release|x86.Build.0 = Release|Win32
		{310CDE50-A536-45FC-8958-531C40E032E5}.Debug|x64.ActiveCfg = Debug|x64
		{310CDE50-A536-45FC-8958-531C40E032E5}.Debug|x64.Build.0 = Debug|x64
		{310CDE50-A536-45FC-8958-531C40E032E5}.Debug|x86.ActiveCfg = Debug|Win32
		{310CDE50-A536-45FC-8958-531C40E032E5}.Debug|x86.Build.0 = Debug|Win32
		{310CDE50-A536-45FC-8958-531C40E032E5}.Release|x64.ActiveCfg = Release|x64
		{310CDE50-A536-45FC-8958-531C40E032E5}.Release|x64.Build.0 = Release|x64
		{310CDE50-A536-45FC-8958-531C40E032E5}.Release|x86.ActiveCfg = Release|Win32
		{310CDE50-A536-45FC-8958-531C40E032E5}.Release|x86.Build.0 = Release|Win32
		{857E4568-DE2B-4635-914E-C736CC490930}.Debug|x64.ActiveCfg = Debug|x64
		{857E4568-DE2B-4635-914E-C736CC490930}.Debug|x64.Build.0 = Debug|x64
		{857E4568-DE2B-4635-914E-C736CC490930}.Debug|x86.ActiveCfg = Debug|Win32
		{857E4568-DE2B-4635-914E-C736CC490930}.Debug|x86.Build.0 = Debug|Win32
		{857E4568-DE2B-4635-914E-C736CC490930}.Release|x64.ActiveCfg = Release|x64
		{857E4568-DE2B-4635-914E-C736CC490930}.Release|x64.Build.0 = Release|x64
		{857E4568-DE2B-4635-914E-C736CC490930}.Release|x86.ActiveCfg = Release|Win32
		{857E4568-DE2B-4635-914E-C736CC490930}.Release|x86.Build.0 = Release|Win32
		{273392A6-3E70-4BEC-97E5-DBFB3B94299E}.Debug|x64.ActiveCfg = Debug|x64
		{273392A6-3E70-4BEC-97E5-DBFB3B94299E}.Debug|x64.Build.0 = Debug|x64
		{273392A6-3E70-4BEC-97E5-DBFB3B94299E}.Debug|x86.ActiveCfg = Debug|Win32
		{273392A6-3E70-4BEC-97E5-DBFB3B94299E}.Debug|x86.Build.0 = Debug|Win32
		{273392A6-3E70-4BEC-97E5-DBFB3B94299E}.Release|x64.ActiveCfg = Release|x64
		{273392A6-3E70-4BEC-97E5-DBFB3B94299E}.Release|x64.Build.0 = Release|x64
		{273392A6-3E70-4BEC-97E5-DBFB3B94299E}.Release|x86.ActiveCfg = Release|Win32
		{273392A6-3E70-4BEC-97E5-DBFB3B94299E}.Release|x86.Build.0 = Release|Win32
		{F6EB4382-1C17-4C6F-96C4-67AEBF752F60}.Debug|x64.ActiveCfg = Debug|x64
		{F6EB4382-1C17-4C6F-96C4-67AEBF752F60}.Debug|x64.Build.0 = Debug|x64
		{F6EB4382-1C17-4C6F-96C4-67AEBF752F60}.Debug|x86.ActiveCfg = Debug|Win32
		{F6EB4382-1C17-4C6F-96C4-67AEBF752F60}.Debug|x86.Build.0 = Debug|Win32
		{F6EB4382-1C17-4C6F-96C4-67AEBF752F60}.Release|x64.ActiveCfg = Release|x64
		{F6EB4382-1C17-4C6F-96C4-67AEBF752F60}.Release|x64.Build.0 = Release|x64
		{F6EB4382-1C17-4C6F-96C4-67AEBF752F60}.Release|x86.ActiveCfg = Release|Win32
		{F6EB4382-1C17-4C6F-96C4-67AEBF752F60}.Release|x86.Build.0 = Release|Win32
		{98441904-E668-4936-868F-679D7A2AE342}.Debug|x64.ActiveCfg = Debug|x64
		{98441904-E668-4936-868F-679D7A2AE342}.Debug|x64.Build.0 = Debug|x64
		{98441904-E668-4936-868F-679D7A2AE342}.Debug|x86.ActiveCfg = Debug|Win32
		{98441904-E668-4936-868F-679D7A2AE342}.Debug|x86.Build.0 = Debug|Win32
		{98441904-E668-4936-868F-679D7A2AE342}.Release|x64.ActiveCfg = Release|x64
		{98441904-E668-4936-868F-679D7A2AE342}.Release|x64.Build.0 = Release|x64
		{98441904-E668-4936-868F-679D7A2AE342}.Release|x86.ActiveCfg = Release|Win32
		{98441904-E668-4936-868F-679D7A2AE342}.Release|x86.Build.0 = Release|Win32
		{6D414243-00B2-4520-9EDC-8A54AA5779A8}.Debug|x64.ActiveCfg = Debug|x64
		{6D414243-00B2-4520-9EDC-8A54AA5779A8}.Debug|x64.Build.0 = Debug|x64
		{6D414243-00B2-4520-9EDC-8A54AA5779A8}.Debug|x86.ActiveCfg = Debug|Win32
		{6D414243-00B2-4520-9EDC-8A54AA5779A8}.Debug|x86.Build.0 = Debug|Win32
		{6D414243-00B2-4520-9EDC-8A54AA5779A8}.Release|x64.ActiveCfg = Release|x64
		{6D414243-00B2-4520-9EDC-8A54AA5779A8}.Release|x64.Build.0 = Release|x64
		{6D414243-00B2-4520-9EDC-8A54AA5779A8}.Release|x86.ActiveCfg = Release|Win32
		{6D414243-00B2-4520-9EDC-8A54AA5779A8}.Release|x86.Build.0 = Release|Win32
		{DF4D3C6B-CDBB-4EFA-8D72-939CC27DB02D}.Debug|x64.ActiveCfg = Debug|x64
		{DF4D3C6B-CDBB-4EFA-8D72-939CC27DB02D}.Debug|x64.Build.0 = Debug|x64
		{DF4D3C6B-CDBB-4EFA-8D72-939CC27DB02D}.Debug|x86.ActiveCfg = Debug|Win32
		{DF4D3C6B-CDBB-4EFA-8D72-939CC27DB02D}.Debug|x86.Build.0 = Debug|Win32
		{DF4D3C6B-CDBB-4EFA-8D72-939CC27DB02D}.Release|x64.ActiveCfg = Release|x64
		{DF4D3C6B-CDBB-4EFA-8D72-939CC27DB02D}.Release|x64.Build.0 = Release|x64
		{DF4D3C6B-CDBB-4EFA-8D72-939CC27DB02D}.Release|x86.ActiveCfg = Release|Win32
		{DF4D3C6B-CDBB-4EFA-8D72-939CC27DB02D}.Release|x86.Build.0 = Release|Win32
		{CA94E42E-3D1C-4E64-B374-29DBC35E66DD}.Debug|x64.ActiveCfg = Debug|x64
		{CA94E42E-3D1C-4E64-B374-29DBC35E66DD}.Debug|x64.Build.0 = Debug|x64
		{CA94E42E-3D1C-4E64-B374-29DBC35E66DD}.Debug|x86.ActiveCfg = Debug|Win32
		{CA94E42E-3D1C-4E64-B374-29DBC35E66DD}.Debug|x86.Build.0 = Debug|Win32
		{CA94E42E-3D1C-4E64-B374-29DBC35E66DD}.Release|x64.ActiveCfg = Release|x64
		{CA94E42E-3D1C-4E64-B374-29DBC35E66DD}.Release|x64.Build.0 = Release|x64
		{CA94E42E-3D1C-4E64-B374-29DBC35E66DD}.Release|x86.ActiveCfg = Release|Win32
		{CA94E42E-3D1C-4E64-B374-29DBC35E66DD}.Release|x86.Build.0 = Release|Win32
		{C094F15C-22BE-460C-B6A0-01339BF90431}.Debug|x64.ActiveCfg = Debug|x64
		{C094F15C-22BE-460C-B6A0-01339BF90431}.Debug|x64.Build.0 = Debug|x64
		{C094F15C-22BE-460C-B6A0-01339BF90431}.Debug|x86.ActiveCfg = Debug|Win32
		{C094F15C-22BE-460C-B6A0-01339BF90431}.Debug|x86.Build.0 = Debug|Win32
		{C094F15C-22BE-460C-B6A0-01339BF90431}.Release|x64.ActiveCfg = Release|x64
		{C094F15C-22BE-460C-B6A0-01339BF90431}.Release|x64.Build.0 = Release|x64
		{C094F15C-22BE-460C-B6A0-01339BF90431}.Release|x86.ActiveCfg = Release|Win32
		{C094F15C-22BE-460C-B6A0-01339BF90431}.Release|x86.Build.0 = Release|Win32
		{9A9FF4A7-EA26-4FA4-8324-99359A49506E}.Debug|x64.ActiveCfg = Debug|x64
		{9A9FF4A7-EA26-4FA4-8324-99359A49506E}.Debug|x64.Build.0 = Debug|x64
		{9A9FF4A7-EA26-4FA4-8324-99359A49506E}.Debug|x86.ActiveCfg = Debug|Win32
		{9A9FF4A7-EA26-4FA4-8324-99359A49506E}.Debug|x86.Build.0 = Debug|Win32
		{9A9FF4A7-EA26-4FA4-8324-99359A49506E}.Release|x64.ActiveCfg = Release|x64
		{9A9FF4A7-EA26-4FA4-8324-99359A49506E}.Release|x64.Build.0 = Release|x64
		{9A9FF4A7-EA26-4FA4-8324-99359A49506E}.Release|x86.ActiveCfg = Release|Win32
		{9A9FF4A7-EA26-4FA4-8324-99359A49506E}.Release|x86.Build.0 = Release|Win32
		{F813CFCD-E390-4967-B2F7-30182225A132}.Debug|x64.ActiveCfg = Debug|x64
		{F813CFCD-E390-4967-B2F7-30182225A132}.Debug|x64.Build.0 = Debug|x64
		{F813CFCD-E390-4967-B2F7-30182225A132}.Debug|x86.ActiveCfg = Debug|Win32
		{F813CFCD-E390-4967-B2F7-30182225A132}.Debug|x86.Build.0 = Debug|Win32
		{F813CFCD-E390-4967-B2F7-30182225A132}.Release|x64.ActiveCfg = Release|x64
		{F813CFCD-E390-4967-B2F7-30182225A132}.Release|x64.Build.0 = Release|x64
		{F813CFCD-E390-4967-B2F7-30182225A132}.Release|x86.ActiveCfg = Release|Win32
		{F813CFCD-E390-4967-B2F7-30182225A132}.Release|x86.Build.0 = Release|Win32
		{AC1D8EB8-7077-407D-A7C9-A92F9B90A9F6}.Debug|x64.ActiveCfg = Debug|x64
		{AC1D8EB8-7077-407D-A7C9-A92F9B90A9F6}.Debug|x64.Build.0 = Debug|x64
		{AC1D8EB8-7077-407D-A7C9-A92F9B90A9F6}.Debug|x86.ActiveCfg = Debug|Win32
		{AC1D8EB8-7077-407D-A7C9-A92F9B90A9F6}.Debug|x86.Build.0 = Debug|Win32
		{AC1D8EB8-7077-407D-A7C9-A92F9B90A9F6}.Release|x64.ActiveCfg = Release|x64
		{AC1D8EB8-7077-407D-A7C9-A92F9B90A9F6}.Release|x64.Build.0 = Release|x64
		{AC1D8EB8-7077-407D-A7C9-A92F9B90A9F6}.Release|x86.ActiveCfg = Release|Win32
		{AC1D8EB8-7077-407D-A7C9-A92F9B90A9F6}.Release|x86.Build.0 = Release|Win32
		{633F57C8-6E8F-489E-A6EC-504A600AE4F7}.Debug|x64.ActiveCfg = Debug|x64
		{633F57C8-6E8F-489E-A6EC-504A600AE4F7}.Debug|x64.Build.0 = Debug|x64
		{633F57C8-6E8F-489E-A6EC-504A600AE4F7}.Debug|x86.ActiveCfg = Debug|Win32
		{633F57C8-6E8F-489E-A6EC-504A600AE4F7}.Debug|x86.Build.0 = Debug|Win32
		{633F57C8-6E8F-489E-A6EC-504A600AE4F7}.Release|x64.ActiveCfg = Release|x64
		{633F57C8-6E8F-489E-A6EC-504A600AE4F7}.Release|x64.Build.0 = Release|x64
		{633F57C8-6E8F-489E-A6EC-504A600AE4F7}.Release|x86.ActiveCfg = Release|Win32
		{633F57C8-6E8F-489E-A6EC-504A600AE4F7}.Release|x86.Build.0 = Release|Win32
		{A153243C-A6E0-4443-AAC0-2B20B88DF889}.Debug|x64.ActiveCfg = Debug|x64
		{A153243C-A6E0-4443-AAC0-2B20B88DF889}.Debug|x64.Build.0 = Debug|x64
		{A153243C-A6E0-4443-AAC0-2B20B88DF889}.Debug|x86.ActiveCfg = Debug|Win32
		{A153243C-A6E0-4443-AAC0-2B20B88DF889}.Debug|x86.Build.0 = Debug|Win32
		{A153243C-A6E0-4443-AAC0-2B20B88DF889}.Release|x64.ActiveCfg = Release|x64
		{A153243C-A6E0-4443-AAC0-2B20B88DF889}.Release|x64.Build.0 = Release|x64
		{A153243C-A6E0-4443-AAC0-2B20B88DF889}.Release|x86.ActiveCfg = Release|Win32
		{A153243C-A6E0-4443-AAC0-2B20B88DF889}.Release|x86.Build.0 = Release|Win32
	EndGlobalSection
	GlobalSection(SolutionProperties) = preSolution
		HideSolutionNode = FALSE
	EndGlobalSection
	GlobalSection(NestedProjects) = preSolution
		{B123762A-68CB-4314-902E-877B5B49E0F6} = {88131475-82BF-4AD1-B449-E298F3DF263D}
		{62C52DBA-CE29-4718-A0CF-9969A8A6F886} = {88131475-82BF-4AD1-B449-E298F3DF263D}
		{D09E1992-4F15-4711-844C-A4E17FE32C1E} = {88131475-82BF-4AD1-B449-E298F3DF263D}
		{35E9E155-6C2B-4F41-92CC-B4808BF5056D} = {88131475-82BF-4AD1-B449-E298F3DF263D}
		{E712E198-8B1B-437D-9027-3D0855990537} = {8EB55A0B-FA53-4EBD-9F70-F70212545BBB}
		{AE679005-EA28-438F-A0C8-BA59C748E61F} = {8EB55A0B-FA53-4EBD-9F70-F70212545BBB}
		{310CDE50-A536-45FC-8958-531C40E032E5} = {8EB55A0B-FA53-4EBD-9F70-F70212545BBB}
		{857E4568-DE2B-4635-914E-C736CC490930} = {8EB55A0B-FA53-4EBD-9F70-F70212545BBB}
		{273392A6-3E70-4BEC-97E5-DBFB3B94299E} = {8EB55A0B-FA53-4EBD-9F70-F70212545BBB}
		{F6EB4382-1C17-4C6F-96C4-67AEBF752F60} = {BEA3684A-D528-4086-BE42-64DEA2A04119}
		{98441904-E668-4936-868F-679D7A2AE342} = {BEA3684A-D528-4086-BE42-64DEA2A04119}
		{6D414243-00B2-4520-9EDC-8A54AA5779A8} = {BEA3684A-D528-4086-BE42-64DEA2A04119}
		{DF4D3C6B-CDBB-4EFA-8D72-939CC27DB02D} = {1E85E55E-FBF6-495B-A5AE-C6174AB43EE7}
		{CA94E42E-3D1C-4E64-B374-29DBC35E66DD} = {1E85E55E-FBF6-495B-A5AE-C6174AB43EE7}
		{C094F15C-22BE-460C-B6A0-01339BF90431} = {04CF3F13-C7AC-4A1B-9BD4-A42C8DAE5CD2}
		{9A9FF4A7-EA26-4FA4-8324-99359A49506E} = {04CF3F13-C7AC-4A1B-9BD4-A42C8DAE5CD2}
		{F813CFCD-E390-4967-B2F7-30182225A132} = {FE070400-AF5E-49D1-B537-258479C68FFD}
		{AC1D8EB8-7077-407D-A7C9-A92F9B90A9F6} = {FE070400-AF5E-49D1-B537-258479C68FFD}
		{633F57C8-6E8F-489E-A6EC-504A600AE4F7} = {FE070400-AF5E-49D1-B537-258479C68FFD}
		{A153243C-A6E0-4443-AAC0-2B20B88DF889} = {FE070400-AF5E-49D1-B537-258479C68FFD}
	EndGlobalSection
	GlobalSection(ExtensibilityGlobals) = postSolution
		SolutionGuid = {7F534C11-13BC-45AA-AFB7-BF1D8E2656B7}
	EndGlobalSection
EndGlobal
